// !$*UTF8*$!
{
	archiveVersion = 1;
	classes = {
	};
	objectVersion = 50;
	objects = {

/* Begin PBXBuildFile section */
		630C1B912719AD4900C7D244 /* AppDelegate.swift in Sources */ = {isa = PBXBuildFile; fileRef = 630C1B902719AD4900C7D244 /* AppDelegate.swift */; };
		630C1B932719AD4900C7D244 /* SceneDelegate.swift in Sources */ = {isa = PBXBuildFile; fileRef = 630C1B922719AD4900C7D244 /* SceneDelegate.swift */; };
		630C1B952719AD4900C7D244 /* ViewController.swift in Sources */ = {isa = PBXBuildFile; fileRef = 630C1B942719AD4900C7D244 /* ViewController.swift */; };
		630C1B982719AD4900C7D244 /* Main.storyboard in Resources */ = {isa = PBXBuildFile; fileRef = 630C1B962719AD4900C7D244 /* Main.storyboard */; };
		630C1B9B2719AD4900C7D244 /* Rocks.xcdatamodeld in Sources */ = {isa = PBXBuildFile; fileRef = 630C1B992719AD4900C7D244 /* Rocks.xcdatamodeld */; };
		630C1B9D2719AD5300C7D244 /* Assets.xcassets in Resources */ = {isa = PBXBuildFile; fileRef = 630C1B9C2719AD5300C7D244 /* Assets.xcassets */; };
		630C1BA02719AD5400C7D244 /* LaunchScreen.storyboard in Resources */ = {isa = PBXBuildFile; fileRef = 630C1B9E2719AD5400C7D244 /* LaunchScreen.storyboard */; };
/* End PBXBuildFile section */

/* Begin PBXFileReference section */
		630C1B8D2719AD4900C7D244 /* Rocks.app */ = {isa = PBXFileReference; explicitFileType = wrapper.application; includeInIndex = 0; path = Rocks.app; sourceTree = BUILT_PRODUCTS_DIR; };
		630C1B902719AD4900C7D244 /* AppDelegate.swift */ = {isa = PBXFileReference; lastKnownFileType = sourcecode.swift; path = AppDelegate.swift; sourceTree = "<group>"; };
		630C1B922719AD4900C7D244 /* SceneDelegate.swift */ = {isa = PBXFileReference; lastKnownFileType = sourcecode.swift; path = SceneDelegate.swift; sourceTree = "<group>"; };
		630C1B942719AD4900C7D244 /* ViewController.swift */ = {isa = PBXFileReference; lastKnownFileType = sourcecode.swift; path = ViewController.swift; sourceTree = "<group>"; };
		630C1B972719AD4900C7D244 /* Base */ = {isa = PBXFileReference; lastKnownFileType = file.storyboard; name = Base; path = Base.lproj/Main.storyboard; sourceTree = "<group>"; };
		630C1B9A2719AD4900C7D244 /* Rocks.xcdatamodel */ = {isa = PBXFileReference; lastKnownFileType = wrapper.xcdatamodel; path = Rocks.xcdatamodel; sourceTree = "<group>"; };
		630C1B9C2719AD5300C7D244 /* Assets.xcassets */ = {isa = PBXFileReference; lastKnownFileType = folder.assetcatalog; path = Assets.xcassets; sourceTree = "<group>"; };
		630C1B9F2719AD5400C7D244 /* Base */ = {isa = PBXFileReference; lastKnownFileType = file.storyboard; name = Base; path = Base.lproj/LaunchScreen.storyboard; sourceTree = "<group>"; };
		630C1BA12719AD5400C7D244 /* Info.plist */ = {isa = PBXFileReference; lastKnownFileType = text.plist.xml; path = Info.plist; sourceTree = "<group>"; };
/* End PBXFileReference section */

/* Begin PBXFrameworksBuildPhase section */
		630C1B8A2719AD4900C7D244 /* Frameworks */ = {
			isa = PBXFrameworksBuildPhase;
			buildActionMask = 2147483647;
			files = (
			);
			runOnlyForDeploymentPostprocessing = 0;
		};
/* End PBXFrameworksBuildPhase section */

/* Begin PBXGroup section */
		630C1B842719AD4800C7D244 = {
			isa = PBXGroup;
			children = (
				630C1B8F2719AD4900C7D244 /* Rocks */,
				630C1B8E2719AD4900C7D244 /* Products */,
			);
			sourceTree = "<group>";
		};
		630C1B8E2719AD4900C7D244 /* Products */ = {
			isa = PBXGroup;
			children = (
				630C1B8D2719AD4900C7D244 /* Rocks.app */,
			);
			name = Products;
			sourceTree = "<group>";
		};
		630C1B8F2719AD4900C7D244 /* Rocks */ = {
			isa = PBXGroup;
			children = (
				630C1B902719AD4900C7D244 /* AppDelegate.swift */,
				630C1B922719AD4900C7D244 /* SceneDelegate.swift */,
				630C1B942719AD4900C7D244 /* ViewController.swift */,
				630C1B962719AD4900C7D244 /* Main.storyboard */,
				630C1B9C2719AD5300C7D244 /* Assets.xcassets */,
				630C1B9E2719AD5400C7D244 /* LaunchScreen.storyboard */,
				630C1BA12719AD5400C7D244 /* Info.plist */,
				630C1B992719AD4900C7D244 /* Rocks.xcdatamodeld */,
			);
			path = Rocks;
			sourceTree = "<group>";
		};
/* End PBXGroup section */

/* Begin PBXNativeTarget section */
		630C1B8C2719AD4900C7D244 /* Rocks */ = {
			isa = PBXNativeTarget;
			buildConfigurationList = 630C1BA42719AD5400C7D244 /* Build configuration list for PBXNativeTarget "Rocks" */;
			buildPhases = (
				630C1B892719AD4900C7D244 /* Sources */,
				630C1B8A2719AD4900C7D244 /* Frameworks */,
				630C1B8B2719AD4900C7D244 /* Resources */,
			);
			buildRules = (
			);
			dependencies = (
			);
			name = Rocks;
			productName = Rocks;
			productReference = 630C1B8D2719AD4900C7D244 /* Rocks.app */;
			productType = "com.apple.product-type.application";
		};
/* End PBXNativeTarget section */

/* Begin PBXProject section */
		630C1B852719AD4800C7D244 /* Project object */ = {
			isa = PBXProject;
			attributes = {
				LastSwiftUpdateCheck = 1250;
				LastUpgradeCheck = 1250;
				TargetAttributes = {
					630C1B8C2719AD4900C7D244 = {
						CreatedOnToolsVersion = 12.5.1;
					};
				};
			};
			buildConfigurationList = 630C1B882719AD4800C7D244 /* Build configuration list for PBXProject "Rocks" */;
			compatibilityVersion = "Xcode 9.3";
			developmentRegion = en;
			hasScannedForEncodings = 0;
			knownRegions = (
				en,
				Base,
			);
			mainGroup = 630C1B842719AD4800C7D244;
			productRefGroup = 630C1B8E2719AD4900C7D244 /* Products */;
			projectDirPath = "";
			projectRoot = "";
			targets = (
				630C1B8C2719AD4900C7D244 /* Rocks */,
			);
		};
/* End PBXProject section */

/* Begin PBXResourcesBuildPhase section */
		630C1B8B2719AD4900C7D244 /* Resources */ = {
			isa = PBXResourcesBuildPhase;
			buildActionMask = 2147483647;
			files = (
				630C1BA02719AD5400C7D244 /* LaunchScreen.storyboard in Resources */,
				630C1B9D2719AD5300C7D244 /* Assets.xcassets in Resources */,
				630C1B982719AD4900C7D244 /* Main.storyboard in Resources */,
			);
			runOnlyForDeploymentPostprocessing = 0;
		};
/* End PBXResourcesBuildPhase section */

/* Begin PBXSourcesBuildPhase section */
		630C1B892719AD4900C7D244 /* Sources */ = {
			isa = PBXSourcesBuildPhase;
			buildActionMask = 2147483647;
			files = (
				630C1B9B2719AD4900C7D244 /* Rocks.xcdatamodeld in Sources */,
				630C1B952719AD4900C7D244 /* ViewController.swift in Sources */,
				630C1B912719AD4900C7D244 /* AppDelegate.swift in Sources */,
				630C1B932719AD4900C7D244 /* SceneDelegate.swift in Sources */,
			);
			runOnlyForDeploymentPostprocessing = 0;
		};
/* End PBXSourcesBuildPhase section */

/* Begin PBXVariantGroup section */
		630C1B962719AD4900C7D244 /* Main.storyboard */ = {
			isa = PBXVariantGroup;
			children = (
				630C1B972719AD4900C7D244 /* Base */,
			);
			name = Main.storyboard;
			sourceTree = "<group>";
		};
		630C1B9E2719AD5400C7D244 /* LaunchScreen.storyboard */ = {
			isa = PBXVariantGroup;
			children = (
				630C1B9F2719AD5400C7D244 /* Base */,
			);
			name = LaunchScreen.storyboard;
			sourceTree = "<group>";
		};
/* End PBXVariantGroup section */

/* Begin XCBuildConfiguration section */
		630C1BA22719AD5400C7D244 /* Debug */ = {
			isa = XCBuildConfiguration;
			buildSettings = {
				ALWAYS_SEARCH_USER_PATHS = NO;
				CLANG_ANALYZER_NONNULL = YES;
				CLANG_ANALYZER_NUMBER_OBJECT_CONVERSION = YES_AGGRESSIVE;
				CLANG_CXX_LANGUAGE_STANDARD = "gnu++14";
				CLANG_CXX_LIBRARY = "libc++";
				CLANG_ENABLE_MODULES = YES;
				CLANG_ENABLE_OBJC_ARC = YES;
				CLANG_ENABLE_OBJC_WEAK = YES;
				CLANG_WARN_BLOCK_CAPTURE_AUTORELEASING = YES;
				CLANG_WARN_BOOL_CONVERSION = YES;
				CLANG_WARN_COMMA = YES;
				CLANG_WARN_CONSTANT_CONVERSION = YES;
				CLANG_WARN_DEPRECATED_OBJC_IMPLEMENTATIONS = YES;
				CLANG_WARN_DIRECT_OBJC_ISA_USAGE = YES_ERROR;
				CLANG_WARN_DOCUMENTATION_COMMENTS = YES;
				CLANG_WARN_EMPTY_BODY = YES;
				CLANG_WARN_ENUM_CONVERSION = YES;
				CLANG_WARN_INFINITE_RECURSION = YES;
				CLANG_WARN_INT_CONVERSION = YES;
				CLANG_WARN_NON_LITERAL_NULL_CONVERSION = YES;
				CLANG_WARN_OBJC_IMPLICIT_RETAIN_SELF = YES;
				CLANG_WARN_OBJC_LITERAL_CONVERSION = YES;
				CLANG_WARN_OBJC_ROOT_CLASS = YES_ERROR;
				CLANG_WARN_QUOTED_INCLUDE_IN_FRAMEWORK_HEADER = YES;
				CLANG_WARN_RANGE_LOOP_ANALYSIS = YES;
				CLANG_WARN_STRICT_PROTOTYPES = YES;
				CLANG_WARN_SUSPICIOUS_MOVE = YES;
				CLANG_WARN_UNGUARDED_AVAILABILITY = YES_AGGRESSIVE;
				CLANG_WARN_UNREACHABLE_CODE = YES;
				CLANG_WARN__DUPLICATE_METHOD_MATCH = YES;
				COPY_PHASE_STRIP = NO;
				DEBUG_INFORMATION_FORMAT = dwarf;
				ENABLE_STRICT_OBJC_MSGSEND = YES;
				ENABLE_TESTABILITY = YES;
				GCC_C_LANGUAGE_STANDARD = gnu11;
				GCC_DYNAMIC_NO_PIC = NO;
				GCC_NO_COMMON_BLOCKS = YES;
				GCC_OPTIMIZATION_LEVEL = 0;
				GCC_PREPROCESSOR_DEFINITIONS = (
					"DEBUG=1",
					"$(inherited)",
				);
				GCC_WARN_64_TO_32_BIT_CONVERSION = YES;
				GCC_WARN_ABOUT_RETURN_TYPE = YES_ERROR;
				GCC_WARN_UNDECLARED_SELECTOR = YES;
				GCC_WARN_UNINITIALIZED_AUTOS = YES_AGGRESSIVE;
				GCC_WARN_UNUSED_FUNCTION = YES;
				GCC_WARN_UNUSED_VARIABLE = YES;
				IPHONEOS_DEPLOYMENT_TARGET = 14.5;
				MTL_ENABLE_DEBUG_INFO = INCLUDE_SOURCE;
				MTL_FAST_MATH = YES;
				ONLY_ACTIVE_ARCH = YES;
				SDKROOT = iphoneos;
				SWIFT_ACTIVE_COMPILATION_CONDITIONS = DEBUG;
				SWIFT_OPTIMIZATION_LEVEL = "-Onone";
			};
			name = Debug;
		};
		630C1BA32719AD5400C7D244 /* Release */ = {
			isa = XCBuildConfiguration;
			buildSettings = {
				ALWAYS_SEARCH_USER_PATHS = NO;
				CLANG_ANALYZER_NONNULL = YES;
				CLANG_ANALYZER_NUMBER_OBJECT_CONVERSION = YES_AGGRESSIVE;
				CLANG_CXX_LANGUAGE_STANDARD = "gnu++14";
				CLANG_CXX_LIBRARY = "libc++";
				CLANG_ENABLE_MODULES = YES;
				CLANG_ENABLE_OBJC_ARC = YES;
				CLANG_ENABLE_OBJC_WEAK = YES;
				CLANG_WARN_BLOCK_CAPTURE_AUTORELEASING = YES;
				CLANG_WARN_BOOL_CONVERSION = YES;
				CLANG_WARN_COMMA = YES;
				CLANG_WARN_CONSTANT_CONVERSION = YES;
				CLANG_WARN_DEPRECATED_OBJC_IMPLEMENTATIONS = YES;
				CLANG_WARN_DIRECT_OBJC_ISA_USAGE = YES_ERROR;
				CLANG_WARN_DOCUMENTATION_COMMENTS = YES;
				CLANG_WARN_EMPTY_BODY = YES;
				CLANG_WARN_ENUM_CONVERSION = YES;
				CLANG_WARN_INFINITE_RECURSION = YES;
				CLANG_WARN_INT_CONVERSION = YES;
				CLANG_WARN_NON_LITERAL_NULL_CONVERSION = YES;
				CLANG_WARN_OBJC_IMPLICIT_RETAIN_SELF = YES;
				CLANG_WARN_OBJC_LITERAL_CONVERSION = YES;
				CLANG_WARN_OBJC_ROOT_CLASS = YES_ERROR;
				CLANG_WARN_QUOTED_INCLUDE_IN_FRAMEWORK_HEADER = YES;
				CLANG_WARN_RANGE_LOOP_ANALYSIS = YES;
				CLANG_WARN_STRICT_PROTOTYPES = YES;
				CLANG_WARN_SUSPICIOUS_MOVE = YES;
				CLANG_WARN_UNGUARDED_AVAILABILITY = YES_AGGRESSIVE;
				CLANG_WARN_UNREACHABLE_CODE = YES;
				CLANG_WARN__DUPLICATE_METHOD_MATCH = YES;
				COPY_PHASE_STRIP = NO;
				DEBUG_INFORMATION_FORMAT = "dwarf-with-dsym";
				ENABLE_NS_ASSERTIONS = NO;
				ENABLE_STRICT_OBJC_MSGSEND = YES;
				GCC_C_LANGUAGE_STANDARD = gnu11;
				GCC_NO_COMMON_BLOCKS = YES;
				GCC_WARN_64_TO_32_BIT_CONVERSION = YES;
				GCC_WARN_ABOUT_RETURN_TYPE = YES_ERROR;
				GCC_WARN_UNDECLARED_SELECTOR = YES;
				GCC_WARN_UNINITIALIZED_AUTOS = YES_AGGRESSIVE;
				GCC_WARN_UNUSED_FUNCTION = YES;
				GCC_WARN_UNUSED_VARIABLE = YES;
				IPHONEOS_DEPLOYMENT_TARGET = 14.5;
				MTL_ENABLE_DEBUG_INFO = NO;
				MTL_FAST_MATH = YES;
				SDKROOT = iphoneos;
				SWIFT_COMPILATION_MODE = wholemodule;
				SWIFT_OPTIMIZATION_LEVEL = "-O";
				VALIDATE_PRODUCT = YES;
			};
			name = Release;
		};
		630C1BA52719AD5400C7D244 /* Debug */ = {
			isa = XCBuildConfiguration;
			buildSettings = {
				ASSETCATALOG_COMPILER_APPICON_NAME = AppIcon;
				ASSETCATALOG_COMPILER_GLOBAL_ACCENT_COLOR_NAME = AccentColor;
				CODE_SIGN_STYLE = Automatic;
				INFOPLIST_FILE = Rocks/Info.plist;
				LD_RUNPATH_SEARCH_PATHS = (
					"$(inherited)",
					"@executable_path/Frameworks",
				);
				PRODUCT_BUNDLE_IDENTIFIER = id.Rocks;
				PRODUCT_NAME = "$(TARGET_NAME)";
				SWIFT_VERSION = 5.0;
				TARGETED_DEVICE_FAMILY = "1,2";
			};
			name = Debug;
		};
		630C1BA62719AD5400C7D244 /* Release */ = {
			isa = XCBuildConfiguration;
			buildSettings = {
				ASSETCATALOG_COMPILER_APPICON_NAME = AppIcon;
				ASSETCATALOG_COMPILER_GLOBAL_ACCENT_COLOR_NAME = AccentColor;
				CODE_SIGN_STYLE = Automatic;
				INFOPLIST_FILE = Rocks/Info.plist;
				LD_RUNPATH_SEARCH_PATHS = (
					"$(inherited)",
					"@executable_path/Frameworks",
				);
				PRODUCT_BUNDLE_IDENTIFIER = id.Rocks;
				PRODUCT_NAME = "$(TARGET_NAME)";
				SWIFT_VERSION = 5.0;
				TARGETED_DEVICE_FAMILY = "1,2";
			};
			name = Release;
		};
/* End XCBuildConfiguration section */

/* Begin XCConfigurationList section */
		630C1B882719AD4800C7D244 /* Build configuration list for PBXProject "Rocks" */ = {
			isa = XCConfigurationList;
			buildConfigurations = (
				630C1BA22719AD5400C7D244 /* Debug */,
				630C1BA32719AD5400C7D244 /* Release */,
			);
			defaultConfigurationIsVisible = 0;
			defaultConfigurationName = Release;
		};
		630C1BA42719AD5400C7D244 /* Build configuration list for PBXNativeTarget "Rocks" */ = {
			isa = XCConfigurationList;
			buildConfigurations = (
				630C1BA52719AD5400C7D244 /* Debug */,
				630C1BA62719AD5400C7D244 /* Release */,
			);
			defaultConfigurationIsVisible = 0;
			defaultConfigurationName = Release;
		};
/* End XCConfigurationList section */

/* Begin XCVersionGroup section */
		630C1B992719AD4900C7D244 /* Rocks.xcdatamodeld */ = {
			isa = XCVersionGroup;
			children = (
				630C1B9A2719AD4900C7D244 /* Rocks.xcdatamodel */,
			);
			currentVersion = 630C1B9A2719AD4900C7D244 /* Rocks.xcdatamodel */;
			path = Rocks.xcdatamodeld;
			sourceTree = "<group>";
			versionGroupType = wrapper.xcdatamodel;
		};
/* End XCVersionGroup section */
	};
	rootObject = 630C1B852719AD4800C7D244 /* Project object */;
}
